
Microsoft Visual Studio Solution File, Format Version 12.00
# Visual Studio Version 16
VisualStudioVersion = 16.0.30804.86
MinimumVisualStudioVersion = 10.0.40219.1
Project("{FAE04EC0-301F-11D3-BF4B-00C04F79EFBC}") = "Updater", "Update\Updater.csproj", "{404233EC-60A9-47D9-8608-C0137C5BBA0D}"
EndProject
Project("{FAE04EC0-301F-11D3-BF4B-00C04F79EFBC}") = "TestUpdater", "TestUpdater\TestUpdater.csproj", "{1FA8A629-662C-41E3-991D-9BD37C9599B9}"
EndProject
Global
	GlobalSection(SolutionConfigurationPlatforms) = preSolution
		Debug|Any CPU = Debug|Any CPU
		Release|Any CPU = Release|Any CPU
	EndGlobalSection
	GlobalSection(ProjectConfigurationPlatforms) = postSolution
		{404233EC-60A9-47D9-8608-C0137C5BBA0D}.Debug|Any CPU.ActiveCfg = Debug|Any CPU
		{404233EC-60A9-47D9-8608-C0137C5BBA0D}.Debug|Any CPU.Build.0 = Debug|Any CPU
		{404233EC-60A9-47D9-8608-C0137C5BBA0D}.Release|Any CPU.ActiveCfg = Release|Any CPU
		{404233EC-60A9-47D9-8608-C0137C5BBA0D}.Release|Any CPU.Build.0 = Release|Any CPU
		{1FA8A629-662C-41E3-991D-9BD37C9599B9}.Debug|Any CPU.ActiveCfg = Debug|Any CPU
		{1FA8A629-662C-41E3-991D-9BD37C9599B9}.Debug|Any CPU.Build.0 = Debug|Any CPU
		{1FA8A629-662C-41E3-991D-9BD37C9599B9}.Release|Any CPU.ActiveCfg = Release|Any CPU
		{1FA8A629-662C-41E3-991D-9BD37C9599B9}.Release|Any CPU.Build.0 = Release|Any CPU
	EndGlobalSection
	GlobalSection(SolutionProperties) = preSolution
		HideSolutionNode = FALSE
	EndGlobalSection
	GlobalSection(ExtensibilityGlobals) = postSolution
		SolutionGuid = {3DD8E6E6-4DCE-4D79-85B2-DDFC395DADE5}
	EndGlobalSection
EndGlobal
